lockfileVersion: '9.0'

settings:
  autoInstallPeers: true
  excludeLinksFromLockfile: false

importers:

  .:
    devDependencies:
      lightningcss:
        specifier: ^1.28.2
        version: 1.28.2

packages:

  detect-libc@1.0.3:
    resolution: {integrity: sha512-pGjwhsmsp4kL2RTz08wcOlGN83otlqHeD/Z5T8GXZB+/YcpQ/dgo+lbU8ZsGxV0HIvqqxo9l7mqYwyYMD9bKDg==}
    engines: {node: '>=0.10'}
    hasBin: true

  lightningcss-darwin-arm64@1.28.2:
    resolution: {integrity: sha512-/8cPSqZiusHSS+WQz0W4NuaqFjquys1x+NsdN/XOHb+idGHJSoJ7SoQTVl3DZuAgtPZwFZgRfb/vd1oi8uX6+g==}
    engines: {node: '>= 12.0.0'}
    cpu: [arm64]
    os: [darwin]

  lightningcss-darwin-x64@1.28.2:
    resolution: {integrity: sha512-R7sFrXlgKjvoEG8umpVt/yutjxOL0z8KWf0bfPT3cYMOW4470xu5qSHpFdIOpRWwl3FKNMUdbKtMUjYt0h2j4g==}
    engines: {node: '>= 12.0.0'}
    cpu: [x64]
    os: [darwin]

  lightningcss-freebsd-x64@1.28.2:
    resolution: {integrity: sha512-l2qrCT+x7crAY+lMIxtgvV10R8VurzHAoUZJaVFSlHrN8kRLTvEg9ObojIDIexqWJQvJcVVV3vfzsEynpiuvgA==}
    engines: {node: '>= 12.0.0'}
    cpu: [x64]
    os: [freebsd]

  lightningcss-linux-arm-gnueabihf@1.28.2:
    resolution: {integrity: sha512-DKMzpICBEKnL53X14rF7hFDu8KKALUJtcKdFUCW5YOlGSiwRSgVoRjM97wUm/E0NMPkzrTi/rxfvt7ruNK8meg==}
    engines: {node: '>= 12.0.0'}
    cpu: [arm]
    os: [linux]

  lightningcss-linux-arm64-gnu@1.28.2:
    resolution: {integrity: sha512-nhfjYkfymWZSxdtTNMWyhFk2ImUm0X7NAgJWFwnsYPOfmtWQEapzG/DXZTfEfMjSzERNUNJoQjPAbdqgB+sjiw==}
    engines: {node: '>= 12.0.0'}
    cpu: [arm64]
    os: [linux]

  lightningcss-linux-arm64-musl@1.28.2:
    resolution: {integrity: sha512-1SPG1ZTNnphWvAv8RVOymlZ8BDtAg69Hbo7n4QxARvkFVCJAt0cgjAw1Fox0WEhf4PwnyoOBaVH0Z5YNgzt4dA==}
    engines: {node: '>= 12.0.0'}
    cpu: [arm64]
    os: [linux]

  lightningcss-linux-x64-gnu@1.28.2:
    resolution: {integrity: sha512-ZhQy0FcO//INWUdo/iEdbefntTdpPVQ0XJwwtdbBuMQe+uxqZoytm9M+iqR9O5noWFaxK+nbS2iR/I80Q2Ofpg==}
    engines: {node: '>= 12.0.0'}
    cpu: [x64]
    os: [linux]

  lightningcss-linux-x64-musl@1.28.2:
    resolution: {integrity: sha512-alb/j1NMrgQmSFyzTbN1/pvMPM+gdDw7YBuQ5VSgcFDypN3Ah0BzC2dTZbzwzaMdUVDszX6zH5MzjfVN1oGuww==}
    engines: {node: '>= 12.0.0'}
    cpu: [x64]
    os: [linux]

  lightningcss-win32-arm64-msvc@1.28.2:
    resolution: {integrity: sha512-WnwcjcBeAt0jGdjlgbT9ANf30pF0C/QMb1XnLnH272DQU8QXh+kmpi24R55wmWBwaTtNAETZ+m35ohyeMiNt+g==}
    engines: {node: '>= 12.0.0'}
    cpu: [arm64]
    os: [win32]

  lightningcss-win32-x64-msvc@1.28.2:
    resolution: {integrity: sha512-3piBifyT3avz22o6mDKywQC/OisH2yDK+caHWkiMsF82i3m5wDBadyCjlCQ5VNgzYkxrWZgiaxHDdd5uxsi0/A==}
    engines: {node: '>= 12.0.0'}
    cpu: [x64]
    os: [win32]

  lightningcss@1.28.2:
    resolution: {integrity: sha512-ePLRrbt3fgjXI5VFZOLbvkLD5ZRuxGKm+wJ3ujCqBtL3NanDHPo/5zicR5uEKAPiIjBYF99BM4K4okvMznjkVA==}
    engines: {node: '>= 12.0.0'}

snapshots:

  detect-libc@1.0.3: {}

  lightningcss-darwin-arm64@1.28.2:
    optional: true

  lightningcss-darwin-x64@1.28.2:
    optional: true

  lightningcss-freebsd-x64@1.28.2:
    optional: true

  lightningcss-linux-arm-gnueabihf@1.28.2:
    optional: true

  lightningcss-linux-arm64-gnu@1.28.2:
    optional: true

  lightningcss-linux-arm64-musl@1.28.2:
    optional: true

  lightningcss-linux-x64-gnu@1.28.2:
    optional: true

  lightningcss-linux-x64-musl@1.28.2:
    optional: true

  lightningcss-win32-arm64-msvc@1.28.2:
    optional: true

  lightningcss-win32-x64-msvc@1.28.2:
    optional: true

  lightningcss@1.28.2:
    dependencies:
      detect-libc: 1.0.3
    optionalDependencies:
      lightningcss-darwin-arm64: 1.28.2
      lightningcss-darwin-x64: 1.28.2
      lightningcss-freebsd-x64: 1.28.2
      lightningcss-linux-arm-gnueabihf: 1.28.2
      lightningcss-linux-arm64-gnu: 1.28.2
      lightningcss-linux-arm64-musl: 1.28.2
      lightningcss-linux-x64-gnu: 1.28.2
      lightningcss-linux-x64-musl: 1.28.2
      lightningcss-win32-arm64-msvc: 1.28.2
      lightningcss-win32-x64-msvc: 1.28.2
